// !$*UTF8*$!
{
	archiveVersion = 1;
	classes = {
	};
	objectVersion = 56;
	objects = {

/* Begin PBXBuildFile section */
		A5708887A808330CCD09E83F /* Pods_ShoppingApp.framework in Frameworks */ = {isa = PBXBuildFile; fileRef = E5277D48AB17D4447FD9B446 /* Pods_ShoppingApp.framework */; };
		E80924D729C4085A00A7BFED /* UIView+Extension.swift in Sources */ = {isa = PBXBuildFile; fileRef = E80924D629C4085A00A7BFED /* UIView+Extension.swift */; };
		E80924D929C409F700A7BFED /* UITextField+Extension.swift in Sources */ = {isa = PBXBuildFile; fileRef = E80924D829C409F700A7BFED /* UITextField+Extension.swift */; };
		E81B6CF929BB0F55008AB17F /* RegistrationAddress.storyboard in Resources */ = {isa = PBXBuildFile; fileRef = E81B6CF829BB0F55008AB17F /* RegistrationAddress.storyboard */; };
		E81B6CFD29BB1132008AB17F /* RegistrationAddressViewController.swift in Sources */ = {isa = PBXBuildFile; fileRef = E81B6CFC29BB1132008AB17F /* RegistrationAddressViewController.swift */; };
		E81B6CFF29BB17CE008AB17F /* UserMyPage.storyboard in Resources */ = {isa = PBXBuildFile; fileRef = E81B6CFE29BB17CE008AB17F /* UserMyPage.storyboard */; };
		E81B6D0129BB17ED008AB17F /* UserMyPageViewController.swift in Sources */ = {isa = PBXBuildFile; fileRef = E81B6D0029BB17ED008AB17F /* UserMyPageViewController.swift */; };
		E81B6D0929BB2E6D008AB17F /* UserIconCell.swift in Sources */ = {isa = PBXBuildFile; fileRef = E81B6D0729BB2E6D008AB17F /* UserIconCell.swift */; };
		E81B6D0A29BB2E6D008AB17F /* UserIconCell.xib in Resources */ = {isa = PBXBuildFile; fileRef = E81B6D0829BB2E6D008AB17F /* UserIconCell.xib */; };
		E83891C529C1AD1C003E5610 /* UserCreditCell.swift in Sources */ = {isa = PBXBuildFile; fileRef = E83891C329C1AD1C003E5610 /* UserCreditCell.swift */; };
		E83891C629C1AD1C003E5610 /* UserCreditCell.xib in Resources */ = {isa = PBXBuildFile; fileRef = E83891C429C1AD1C003E5610 /* UserCreditCell.xib */; };
		E8438D3F29D2EA6E00077914 /* UserData.swift in Sources */ = {isa = PBXBuildFile; fileRef = E8438D3E29D2EA6E00077914 /* UserData.swift */; };
		E85DFD0629DA72390000157F /* ListedItemCell.swift in Sources */ = {isa = PBXBuildFile; fileRef = E85DFD0429DA72390000157F /* ListedItemCell.swift */; };
		E85DFD0729DA72390000157F /* ListedItemCell.xib in Resources */ = {isa = PBXBuildFile; fileRef = E85DFD0529DA72390000157F /* ListedItemCell.xib */; };
		E85DFD0929DA9AF80000157F /* UserExhibit.storyboard in Resources */ = {isa = PBXBuildFile; fileRef = E85DFD0829DA9AF80000157F /* UserExhibit.storyboard */; };
		E85DFD0B29DA9B080000157F /* UserExhibitViewController.swift in Sources */ = {isa = PBXBuildFile; fileRef = E85DFD0A29DA9B080000157F /* UserExhibitViewController.swift */; };
		E85DFD0D29DAA3540000157F /* UserInputItemInfo.storyboard in Resources */ = {isa = PBXBuildFile; fileRef = E85DFD0C29DAA3540000157F /* UserInputItemInfo.storyboard */; };
		E85DFD0F29DAA3720000157F /* UserInputItemInfoViewController.swift in Sources */ = {isa = PBXBuildFile; fileRef = E85DFD0E29DAA3720000157F /* UserInputItemInfoViewController.swift */; };
		E85DFD1229DAB2150000157F /* ItemPhotoCell.swift in Sources */ = {isa = PBXBuildFile; fileRef = E85DFD1029DAB2150000157F /* ItemPhotoCell.swift */; };
		E85DFD1329DAB2150000157F /* ItemPhotoCell.xib in Resources */ = {isa = PBXBuildFile; fileRef = E85DFD1129DAB2150000157F /* ItemPhotoCell.xib */; };
		E85DFD1629DAB2CC0000157F /* ItemMainInfoCell.swift in Sources */ = {isa = PBXBuildFile; fileRef = E85DFD1429DAB2CC0000157F /* ItemMainInfoCell.swift */; };
		E85DFD1729DAB2CC0000157F /* ItemMainInfoCell.xib in Resources */ = {isa = PBXBuildFile; fileRef = E85DFD1529DAB2CC0000157F /* ItemMainInfoCell.xib */; };
		E85DFD1A29DAB3420000157F /* ItemPriceCell.swift in Sources */ = {isa = PBXBuildFile; fileRef = E85DFD1829DAB3420000157F /* ItemPriceCell.swift */; };
		E85DFD1B29DAB3420000157F /* ItemPriceCell.xib in Resources */ = {isa = PBXBuildFile; fileRef = E85DFD1929DAB3420000157F /* ItemPriceCell.xib */; };
		E85DFD2029DACEA60000157F /* UITextView+Extension.swift in Sources */ = {isa = PBXBuildFile; fileRef = E85DFD1F29DACEA60000157F /* UITextView+Extension.swift */; };
		E86693DE29CD4AD30088D4EF /* NSData+String.swift in Sources */ = {isa = PBXBuildFile; fileRef = E86693DD29CD4AD30088D4EF /* NSData+String.swift */; };
		E86693E029CD78090088D4EF /* UILabel+Extension.swift in Sources */ = {isa = PBXBuildFile; fileRef = E86693DF29CD78090088D4EF /* UILabel+Extension.swift */; };
		E86693E229CD89AF0088D4EF /* RegistrationEmailAndPassword.storyboard in Resources */ = {isa = PBXBuildFile; fileRef = E86693E129CD89AF0088D4EF /* RegistrationEmailAndPassword.storyboard */; };
		E86693E429CD91140088D4EF /* RegistrationEmailAndPasswordViewController.swift in Sources */ = {isa = PBXBuildFile; fileRef = E86693E329CD91140088D4EF /* RegistrationEmailAndPasswordViewController.swift */; };
		E86C647529D6627200ADCF34 /* GlobalViewController.swift in Sources */ = {isa = PBXBuildFile; fileRef = E86C647429D6627200ADCF34 /* GlobalViewController.swift */; };
		E86C647B29D6AD3400ADCF34 /* TabRootViewController.swift in Sources */ = {isa = PBXBuildFile; fileRef = E86C647A29D6AD3400ADCF34 /* TabRootViewController.swift */; };
		E86C647D29D6AD8600ADCF34 /* Tab.storyboard in Resources */ = {isa = PBXBuildFile; fileRef = E86C647C29D6AD8600ADCF34 /* Tab.storyboard */; };
		E86C647F29D6D2C700ADCF34 /* ItemList.storyboard in Resources */ = {isa = PBXBuildFile; fileRef = E86C647E29D6D2C700ADCF34 /* ItemList.storyboard */; };
		E86C648129D6D3C600ADCF34 /* ItemListViewController.swift in Sources */ = {isa = PBXBuildFile; fileRef = E86C648029D6D3C600ADCF34 /* ItemListViewController.swift */; };
		E86C648329D6D4A100ADCF34 /* ItemData.swift in Sources */ = {isa = PBXBuildFile; fileRef = E86C648229D6D4A100ADCF34 /* ItemData.swift */; };
		E86F110229D28E870053D63B /* Validator.swift in Sources */ = {isa = PBXBuildFile; fileRef = E86F110129D28E870053D63B /* Validator.swift */; };
		E86F110429D2C56D0053D63B /* RegistrationInputResult.storyboard in Resources */ = {isa = PBXBuildFile; fileRef = E86F110329D2C56D0053D63B /* RegistrationInputResult.storyboard */; };
		E86F110629D2C75D0053D63B /* RegistrationInputResultViewController.swift in Sources */ = {isa = PBXBuildFile; fileRef = E86F110529D2C75D0053D63B /* RegistrationInputResultViewController.swift */; };
		E88C464429C84B1500EE9084 /* Const.swift in Sources */ = {isa = PBXBuildFile; fileRef = E88C464329C84B1500EE9084 /* Const.swift */; };
		E88C464729C8552B00EE9084 /* AddressModel.swift in Sources */ = {isa = PBXBuildFile; fileRef = E88C464629C8552B00EE9084 /* AddressModel.swift */; };
		E8BD44CF29B9BE5800BF0D25 /* AppDelegate.swift in Sources */ = {isa = PBXBuildFile; fileRef = E8BD44CE29B9BE5800BF0D25 /* AppDelegate.swift */; };
		E8BD44D129B9BE5800BF0D25 /* SceneDelegate.swift in Sources */ = {isa = PBXBuildFile; fileRef = E8BD44D029B9BE5800BF0D25 /* SceneDelegate.swift */; };
		E8BD44D329B9BE5800BF0D25 /* LoginViewController.swift in Sources */ = {isa = PBXBuildFile; fileRef = E8BD44D229B9BE5800BF0D25 /* LoginViewController.swift */; };
		E8BD44D629B9BE5800BF0D25 /* Login.storyboard in Resources */ = {isa = PBXBuildFile; fileRef = E8BD44D429B9BE5800BF0D25 /* Login.storyboard */; };
		E8BD44D829B9BE5A00BF0D25 /* Assets.xcassets in Resources */ = {isa = PBXBuildFile; fileRef = E8BD44D729B9BE5A00BF0D25 /* Assets.xcassets */; };
		E8BD44DB29B9BE5A00BF0D25 /* LaunchScreen.storyboard in Resources */ = {isa = PBXBuildFile; fileRef = E8BD44D929B9BE5A00BF0D25 /* LaunchScreen.storyboard */; };
		E8BD44E529B9C8A500BF0D25 /* RegistrationName.storyboard in Resources */ = {isa = PBXBuildFile; fileRef = E8BD44E429B9C8A500BF0D25 /* RegistrationName.storyboard */; };
		E8BD44E729B9C8B500BF0D25 /* RegistrationNameViewController.swift in Sources */ = {isa = PBXBuildFile; fileRef = E8BD44E629B9C8B500BF0D25 /* RegistrationNameViewController.swift */; };
		E8BD44EA29B9CCC600BF0D25 /* R.generated.swift in Sources */ = {isa = PBXBuildFile; fileRef = E8BD44E929B9CCC600BF0D25 /* R.generated.swift */; };
		E8C3D80B29CA9EF900BD5EE4 /* AddressRequest.swift in Sources */ = {isa = PBXBuildFile; fileRef = E8C3D80A29CA9EF900BD5EE4 /* AddressRequest.swift */; };
		E8C6BF9E29E3D955009E8C08 /* UIImageView+Extension.swift in Sources */ = {isa = PBXBuildFile; fileRef = E8C6BF9D29E3D955009E8C08 /* UIImageView+Extension.swift */; };
		E8DAD56C29E0014C008FEE58 /* ItemPhotoCollectionViewCell.swift in Sources */ = {isa = PBXBuildFile; fileRef = E8DAD56A29E0014C008FEE58 /* ItemPhotoCollectionViewCell.swift */; };
		E8DAD56D29E0014C008FEE58 /* ItemPhotoCollectionViewCell.xib in Resources */ = {isa = PBXBuildFile; fileRef = E8DAD56B29E0014C008FEE58 /* ItemPhotoCollectionViewCell.xib */; };
		E8E27F9129EE8B1400E8A65C /* ExhibtItemData.swift in Sources */ = {isa = PBXBuildFile; fileRef = E8E27F9029EE8B1400E8A65C /* ExhibtItemData.swift */; };
		E8E33BB029CBFEC700CF1296 /* AlertController.swift in Sources */ = {isa = PBXBuildFile; fileRef = E8E33BAF29CBFEC700CF1296 /* AlertController.swift */; };
		E8E33BB229CC493500CF1296 /* RegistrationBirthday.storyboard in Resources */ = {isa = PBXBuildFile; fileRef = E8E33BB129CC493500CF1296 /* RegistrationBirthday.storyboard */; };
		E8E33BB429CC497200CF1296 /* RegistrationBirthdayViewController.swift in Sources */ = {isa = PBXBuildFile; fileRef = E8E33BB329CC497200CF1296 /* RegistrationBirthdayViewController.swift */; };
/* End PBXBuildFile section */

/* Begin PBXFileReference section */
		77C847A10AC3B16ABDF1B39E /* Pods-ShoppingApp.release.xcconfig */ = {isa = PBXFileReference; includeInIndex = 1; lastKnownFileType = text.xcconfig; name = "Pods-ShoppingApp.release.xcconfig"; path = "Target Support Files/Pods-ShoppingApp/Pods-ShoppingApp.release.xcconfig"; sourceTree = "<group>"; };
		E1097A4F5840C224C9377D9E /* Pods-ShoppingApp.debug.xcconfig */ = {isa = PBXFileReference; includeInIndex = 1; lastKnownFileType = text.xcconfig; name = "Pods-ShoppingApp.debug.xcconfig"; path = "Target Support Files/Pods-ShoppingApp/Pods-ShoppingApp.debug.xcconfig"; sourceTree = "<group>"; };
		E5277D48AB17D4447FD9B446 /* Pods_ShoppingApp.framework */ = {isa = PBXFileReference; explicitFileType = wrapper.framework; includeInIndex = 0; path = Pods_ShoppingApp.framework; sourceTree = BUILT_PRODUCTS_DIR; };
		E80924D629C4085A00A7BFED /* UIView+Extension.swift */ = {isa = PBXFileReference; lastKnownFileType = sourcecode.swift; path = "UIView+Extension.swift"; sourceTree = "<group>"; };
		E80924D829C409F700A7BFED /* UITextField+Extension.swift */ = {isa = PBXFileReference; lastKnownFileType = sourcecode.swift; path = "UITextField+Extension.swift"; sourceTree = "<group>"; };
		E81B6CF829BB0F55008AB17F /* RegistrationAddress.storyboard */ = {isa = PBXFileReference; lastKnownFileType = file.storyboard; path = RegistrationAddress.storyboard; sourceTree = "<group>"; };
		E81B6CFC29BB1132008AB17F /* RegistrationAddressViewController.swift */ = {isa = PBXFileReference; lastKnownFileType = sourcecode.swift; path = RegistrationAddressViewController.swift; sourceTree = "<group>"; };
		E81B6CFE29BB17CE008AB17F /* UserMyPage.storyboard */ = {isa = PBXFileReference; lastKnownFileType = file.storyboard; path = UserMyPage.storyboard; sourceTree = "<group>"; };
		E81B6D0029BB17ED008AB17F /* UserMyPageViewController.swift */ = {isa = PBXFileReference; lastKnownFileType = sourcecode.swift; path = UserMyPageViewController.swift; sourceTree = "<group>"; };
		E81B6D0729BB2E6D008AB17F /* UserIconCell.swift */ = {isa = PBXFileReference; lastKnownFileType = sourcecode.swift; name = UserIconCell.swift; path = ShoppingApp/Cell/UserMyPage/UserIconCell.swift; sourceTree = SOURCE_ROOT; };
		E81B6D0829BB2E6D008AB17F /* UserIconCell.xib */ = {isa = PBXFileReference; lastKnownFileType = file.xib; name = UserIconCell.xib; path = ShoppingApp/Cell/UserMyPage/UserIconCell.xib; sourceTree = SOURCE_ROOT; };
		E83891C329C1AD1C003E5610 /* UserCreditCell.swift */ = {isa = PBXFileReference; lastKnownFileType = sourcecode.swift; path = UserCreditCell.swift; sourceTree = "<group>"; };
		E83891C429C1AD1C003E5610 /* UserCreditCell.xib */ = {isa = PBXFileReference; lastKnownFileType = file.xib; path = UserCreditCell.xib; sourceTree = "<group>"; };
		E8438D3E29D2EA6E00077914 /* UserData.swift */ = {isa = PBXFileReference; lastKnownFileType = sourcecode.swift; path = UserData.swift; sourceTree = "<group>"; };
		E85DFD0429DA72390000157F /* ListedItemCell.swift */ = {isa = PBXFileReference; lastKnownFileType = sourcecode.swift; path = ListedItemCell.swift; sourceTree = "<group>"; };
		E85DFD0529DA72390000157F /* ListedItemCell.xib */ = {isa = PBXFileReference; lastKnownFileType = file.xib; path = ListedItemCell.xib; sourceTree = "<group>"; };
		E85DFD0829DA9AF80000157F /* UserExhibit.storyboard */ = {isa = PBXFileReference; lastKnownFileType = file.storyboard; path = UserExhibit.storyboard; sourceTree = "<group>"; };
		E85DFD0A29DA9B080000157F /* UserExhibitViewController.swift */ = {isa = PBXFileReference; lastKnownFileType = sourcecode.swift; path = UserExhibitViewController.swift; sourceTree = "<group>"; };
		E85DFD0C29DAA3540000157F /* UserInputItemInfo.storyboard */ = {isa = PBXFileReference; lastKnownFileType = file.storyboard; path = UserInputItemInfo.storyboard; sourceTree = "<group>"; };
		E85DFD0E29DAA3720000157F /* UserInputItemInfoViewController.swift */ = {isa = PBXFileReference; lastKnownFileType = sourcecode.swift; path = UserInputItemInfoViewController.swift; sourceTree = "<group>"; };
		E85DFD1029DAB2150000157F /* ItemPhotoCell.swift */ = {isa = PBXFileReference; lastKnownFileType = sourcecode.swift; path = ItemPhotoCell.swift; sourceTree = "<group>"; };
		E85DFD1129DAB2150000157F /* ItemPhotoCell.xib */ = {isa = PBXFileReference; lastKnownFileType = file.xib; path = ItemPhotoCell.xib; sourceTree = "<group>"; };
		E85DFD1429DAB2CC0000157F /* ItemMainInfoCell.swift */ = {isa = PBXFileReference; lastKnownFileType = sourcecode.swift; path = ItemMainInfoCell.swift; sourceTree = "<group>"; };
		E85DFD1529DAB2CC0000157F /* ItemMainInfoCell.xib */ = {isa = PBXFileReference; lastKnownFileType = file.xib; path = ItemMainInfoCell.xib; sourceTree = "<group>"; };
		E85DFD1829DAB3420000157F /* ItemPriceCell.swift */ = {isa = PBXFileReference; lastKnownFileType = sourcecode.swift; path = ItemPriceCell.swift; sourceTree = "<group>"; };
		E85DFD1929DAB3420000157F /* ItemPriceCell.xib */ = {isa = PBXFileReference; lastKnownFileType = file.xib; path = ItemPriceCell.xib; sourceTree = "<group>"; };
		E85DFD1F29DACEA60000157F /* UITextView+Extension.swift */ = {isa = PBXFileReference; lastKnownFileType = sourcecode.swift; path = "UITextView+Extension.swift"; sourceTree = "<group>"; };
		E86693DD29CD4AD30088D4EF /* NSData+String.swift */ = {isa = PBXFileReference; lastKnownFileType = sourcecode.swift; path = "NSData+String.swift"; sourceTree = "<group>"; };
		E86693DF29CD78090088D4EF /* UILabel+Extension.swift */ = {isa = PBXFileReference; lastKnownFileType = sourcecode.swift; path = "UILabel+Extension.swift"; sourceTree = "<group>"; };
		E86693E129CD89AF0088D4EF /* RegistrationEmailAndPassword.storyboard */ = {isa = PBXFileReference; lastKnownFileType = file.storyboard; path = RegistrationEmailAndPassword.storyboard; sourceTree = "<group>"; };
		E86693E329CD91140088D4EF /* RegistrationEmailAndPasswordViewController.swift */ = {isa = PBXFileReference; lastKnownFileType = sourcecode.swift; path = RegistrationEmailAndPasswordViewController.swift; sourceTree = "<group>"; };
		E86C647429D6627200ADCF34 /* GlobalViewController.swift */ = {isa = PBXFileReference; lastKnownFileType = sourcecode.swift; path = GlobalViewController.swift; sourceTree = "<group>"; };
		E86C647A29D6AD3400ADCF34 /* TabRootViewController.swift */ = {isa = PBXFileReference; lastKnownFileType = sourcecode.swift; path = TabRootViewController.swift; sourceTree = "<group>"; };
		E86C647C29D6AD8600ADCF34 /* Tab.storyboard */ = {isa = PBXFileReference; lastKnownFileType = file.storyboard; path = Tab.storyboard; sourceTree = "<group>"; };
		E86C647E29D6D2C700ADCF34 /* ItemList.storyboard */ = {isa = PBXFileReference; lastKnownFileType = file.storyboard; path = ItemList.storyboard; sourceTree = "<group>"; };
		E86C648029D6D3C600ADCF34 /* ItemListViewController.swift */ = {isa = PBXFileReference; lastKnownFileType = sourcecode.swift; path = ItemListViewController.swift; sourceTree = "<group>"; };
		E86C648229D6D4A100ADCF34 /* ItemData.swift */ = {isa = PBXFileReference; lastKnownFileType = sourcecode.swift; path = ItemData.swift; sourceTree = "<group>"; };
		E86F110129D28E870053D63B /* Validator.swift */ = {isa = PBXFileReference; lastKnownFileType = sourcecode.swift; path = Validator.swift; sourceTree = "<group>"; };
		E86F110329D2C56D0053D63B /* RegistrationInputResult.storyboard */ = {isa = PBXFileReference; lastKnownFileType = file.storyboard; path = RegistrationInputResult.storyboard; sourceTree = "<group>"; };
		E86F110529D2C75D0053D63B /* RegistrationInputResultViewController.swift */ = {isa = PBXFileReference; lastKnownFileType = sourcecode.swift; path = RegistrationInputResultViewController.swift; sourceTree = "<group>"; };
		E88C464329C84B1500EE9084 /* Const.swift */ = {isa = PBXFileReference; lastKnownFileType = sourcecode.swift; path = Const.swift; sourceTree = "<group>"; };
		E88C464629C8552B00EE9084 /* AddressModel.swift */ = {isa = PBXFileReference; lastKnownFileType = sourcecode.swift; path = AddressModel.swift; sourceTree = "<group>"; };
		E8BD44CB29B9BE5800BF0D25 /* ShoppingApp.app */ = {isa = PBXFileReference; explicitFileType = wrapper.application; includeInIndex = 0; path = ShoppingApp.app; sourceTree = BUILT_PRODUCTS_DIR; };
		E8BD44CE29B9BE5800BF0D25 /* AppDelegate.swift */ = {isa = PBXFileReference; lastKnownFileType = sourcecode.swift; path = AppDelegate.swift; sourceTree = "<group>"; };
		E8BD44D029B9BE5800BF0D25 /* SceneDelegate.swift */ = {isa = PBXFileReference; lastKnownFileType = sourcecode.swift; path = SceneDelegate.swift; sourceTree = "<group>"; };
		E8BD44D229B9BE5800BF0D25 /* LoginViewController.swift */ = {isa = PBXFileReference; lastKnownFileType = sourcecode.swift; path = LoginViewController.swift; sourceTree = "<group>"; };
		E8BD44D529B9BE5800BF0D25 /* Base */ = {isa = PBXFileReference; lastKnownFileType = file.storyboard; name = Base; path = Base.lproj/Login.storyboard; sourceTree = "<group>"; };
		E8BD44D729B9BE5A00BF0D25 /* Assets.xcassets */ = {isa = PBXFileReference; lastKnownFileType = folder.assetcatalog; path = Assets.xcassets; sourceTree = "<group>"; };
		E8BD44DA29B9BE5A00BF0D25 /* Base */ = {isa = PBXFileReference; lastKnownFileType = file.storyboard; name = Base; path = Base.lproj/LaunchScreen.storyboard; sourceTree = "<group>"; };
		E8BD44DC29B9BE5A00BF0D25 /* Info.plist */ = {isa = PBXFileReference; lastKnownFileType = text.plist.xml; path = Info.plist; sourceTree = "<group>"; };
		E8BD44E429B9C8A500BF0D25 /* RegistrationName.storyboard */ = {isa = PBXFileReference; lastKnownFileType = file.storyboard; path = RegistrationName.storyboard; sourceTree = "<group>"; };
		E8BD44E629B9C8B500BF0D25 /* RegistrationNameViewController.swift */ = {isa = PBXFileReference; lastKnownFileType = sourcecode.swift; path = RegistrationNameViewController.swift; sourceTree = "<group>"; };
		E8BD44E929B9CCC600BF0D25 /* R.generated.swift */ = {isa = PBXFileReference; fileEncoding = 4; lastKnownFileType = sourcecode.swift; path = R.generated.swift; sourceTree = SOURCE_ROOT; };
		E8C3D80A29CA9EF900BD5EE4 /* AddressRequest.swift */ = {isa = PBXFileReference; lastKnownFileType = sourcecode.swift; path = AddressRequest.swift; sourceTree = "<group>"; };
		E8C6BF9D29E3D955009E8C08 /* UIImageView+Extension.swift */ = {isa = PBXFileReference; lastKnownFileType = sourcecode.swift; path = "UIImageView+Extension.swift"; sourceTree = "<group>"; };
		E8DAD56A29E0014C008FEE58 /* ItemPhotoCollectionViewCell.swift */ = {isa = PBXFileReference; lastKnownFileType = sourcecode.swift; path = ItemPhotoCollectionViewCell.swift; sourceTree = "<group>"; };
		E8DAD56B29E0014C008FEE58 /* ItemPhotoCollectionViewCell.xib */ = {isa = PBXFileReference; lastKnownFileType = file.xib; path = ItemPhotoCollectionViewCell.xib; sourceTree = "<group>"; };
		E8E27F9029EE8B1400E8A65C /* ExhibtItemData.swift */ = {isa = PBXFileReference; lastKnownFileType = sourcecode.swift; path = ExhibtItemData.swift; sourceTree = "<group>"; };
		E8E33BAF29CBFEC700CF1296 /* AlertController.swift */ = {isa = PBXFileReference; lastKnownFileType = sourcecode.swift; path = AlertController.swift; sourceTree = "<group>"; };
		E8E33BB129CC493500CF1296 /* RegistrationBirthday.storyboard */ = {isa = PBXFileReference; lastKnownFileType = file.storyboard; path = RegistrationBirthday.storyboard; sourceTree = "<group>"; };
		E8E33BB329CC497200CF1296 /* RegistrationBirthdayViewController.swift */ = {isa = PBXFileReference; lastKnownFileType = sourcecode.swift; path = RegistrationBirthdayViewController.swift; sourceTree = "<group>"; };
/* End PBXFileReference section */

/* Begin PBXFrameworksBuildPhase section */
		E8BD44C829B9BE5800BF0D25 /* Frameworks */ = {
			isa = PBXFrameworksBuildPhase;
			buildActionMask = 2147483647;
			files = (
				A5708887A808330CCD09E83F /* Pods_ShoppingApp.framework in Frameworks */,
			);
			runOnlyForDeploymentPostprocessing = 0;
		};
/* End PBXFrameworksBuildPhase section */

/* Begin PBXGroup section */
		0CDDD71CCC3DEB4B58EB8EA3 /* Pods */ = {
			isa = PBXGroup;
			children = (
				E1097A4F5840C224C9377D9E /* Pods-ShoppingApp.debug.xcconfig */,
				77C847A10AC3B16ABDF1B39E /* Pods-ShoppingApp.release.xcconfig */,
			);
			path = Pods;
			sourceTree = "<group>";
		};
		2B6714AE5FB6A5B1646BBB66 /* Frameworks */ = {
			isa = PBXGroup;
			children = (
				E5277D48AB17D4447FD9B446 /* Pods_ShoppingApp.framework */,
			);
			name = Frameworks;
			sourceTree = "<group>";
		};
		E80924D529C4080500A7BFED /* Util */ = {
			isa = PBXGroup;
			children = (
				E80924D629C4085A00A7BFED /* UIView+Extension.swift */,
				E80924D829C409F700A7BFED /* UITextField+Extension.swift */,
				E85DFD1F29DACEA60000157F /* UITextView+Extension.swift */,
				E86693DD29CD4AD30088D4EF /* NSData+String.swift */,
				E86693DF29CD78090088D4EF /* UILabel+Extension.swift */,
				E86C648229D6D4A100ADCF34 /* ItemData.swift */,
				E8C6BF9D29E3D955009E8C08 /* UIImageView+Extension.swift */,
			);
			path = Util;
			sourceTree = "<group>";
		};
		E81B6D0229BB18F1008AB17F /* Cell */ = {
			isa = PBXGroup;
			children = (
				E85DFD1E29DAB3850000157F /* UserInputItemInfo */,
				E85DFD1C29DAB3560000157F /* UserMyPage */,
				E85DFD1D29DAB3680000157F /* ItemList */,
			);
			path = Cell;
			sourceTree = "<group>";
		};
		E85DFD1C29DAB3560000157F /* UserMyPage */ = {
			isa = PBXGroup;
			children = (
				E81B6D0729BB2E6D008AB17F /* UserIconCell.swift */,
				E81B6D0829BB2E6D008AB17F /* UserIconCell.xib */,
				E83891C329C1AD1C003E5610 /* UserCreditCell.swift */,
				E83891C429C1AD1C003E5610 /* UserCreditCell.xib */,
			);
			path = UserMyPage;
			sourceTree = "<group>";
		};
		E85DFD1D29DAB3680000157F /* ItemList */ = {
			isa = PBXGroup;
			children = (
				E85DFD0429DA72390000157F /* ListedItemCell.swift */,
				E85DFD0529DA72390000157F /* ListedItemCell.xib */,
			);
			path = ItemList;
			sourceTree = "<group>";
		};
		E85DFD1E29DAB3850000157F /* UserInputItemInfo */ = {
			isa = PBXGroup;
			children = (
				E85DFD1029DAB2150000157F /* ItemPhotoCell.swift */,
				E85DFD1129DAB2150000157F /* ItemPhotoCell.xib */,
				E85DFD1429DAB2CC0000157F /* ItemMainInfoCell.swift */,
				E85DFD1529DAB2CC0000157F /* ItemMainInfoCell.xib */,
				E85DFD1829DAB3420000157F /* ItemPriceCell.swift */,
				E85DFD1929DAB3420000157F /* ItemPriceCell.xib */,
				E8DAD56A29E0014C008FEE58 /* ItemPhotoCollectionViewCell.swift */,
				E8DAD56B29E0014C008FEE58 /* ItemPhotoCollectionViewCell.xib */,
			);
			path = UserInputItemInfo;
			sourceTree = "<group>";
		};
		E88C464229C84B0700EE9084 /* API */ = {
			isa = PBXGroup;
			children = (
				E88C464329C84B1500EE9084 /* Const.swift */,
				E8C3D80A29CA9EF900BD5EE4 /* AddressRequest.swift */,
			);
			path = API;
			sourceTree = "<group>";
		};
		E88C464529C8551300EE9084 /* Model */ = {
			isa = PBXGroup;
			children = (
				E88C464629C8552B00EE9084 /* AddressModel.swift */,
			);
			path = Model;
			sourceTree = "<group>";
		};
		E89D1DCA29E8EE340032D847 /* Common */ = {
			isa = PBXGroup;
			children = (
				E8438D3E29D2EA6E00077914 /* UserData.swift */,
				E8E27F9029EE8B1400E8A65C /* ExhibtItemData.swift */,
				E86F110129D28E870053D63B /* Validator.swift */,
				E8E33BAF29CBFEC700CF1296 /* AlertController.swift */,
			);
			path = Common;
			sourceTree = "<group>";
		};
		E8BD44C229B9BE5800BF0D25 = {
			isa = PBXGroup;
			children = (
				E8BD44CD29B9BE5800BF0D25 /* ShoppingApp */,
				E8BD44CC29B9BE5800BF0D25 /* Products */,
				0CDDD71CCC3DEB4B58EB8EA3 /* Pods */,
				2B6714AE5FB6A5B1646BBB66 /* Frameworks */,
			);
			sourceTree = "<group>";
		};
		E8BD44CC29B9BE5800BF0D25 /* Products */ = {
			isa = PBXGroup;
			children = (
				E8BD44CB29B9BE5800BF0D25 /* ShoppingApp.app */,
			);
			name = Products;
			sourceTree = "<group>";
		};
		E8BD44CD29B9BE5800BF0D25 /* ShoppingApp */ = {
			isa = PBXGroup;
			children = (
				E8BD44E929B9CCC600BF0D25 /* R.generated.swift */,
				E88C464229C84B0700EE9084 /* API */,
				E8BD44E229B9C85300BF0D25 /* Storyboard */,
				E8BD44E329B9C86800BF0D25 /* View */,
				E81B6D0229BB18F1008AB17F /* Cell */,
				E80924D529C4080500A7BFED /* Util */,
				E89D1DCA29E8EE340032D847 /* Common */,
				E88C464529C8551300EE9084 /* Model */,
				E8BD44CE29B9BE5800BF0D25 /* AppDelegate.swift */,
				E8BD44D029B9BE5800BF0D25 /* SceneDelegate.swift */,
				E8BD44D729B9BE5A00BF0D25 /* Assets.xcassets */,
				E8BD44D929B9BE5A00BF0D25 /* LaunchScreen.storyboard */,
				E8BD44DC29B9BE5A00BF0D25 /* Info.plist */,
			);
			path = ShoppingApp;
			sourceTree = "<group>";
		};
		E8BD44E229B9C85300BF0D25 /* Storyboard */ = {
			isa = PBXGroup;
			children = (
				E8BD44D429B9BE5800BF0D25 /* Login.storyboard */,
				E8BD44E429B9C8A500BF0D25 /* RegistrationName.storyboard */,
				E81B6CF829BB0F55008AB17F /* RegistrationAddress.storyboard */,
				E81B6CFE29BB17CE008AB17F /* UserMyPage.storyboard */,
				E8E33BB129CC493500CF1296 /* RegistrationBirthday.storyboard */,
				E86693E129CD89AF0088D4EF /* RegistrationEmailAndPassword.storyboard */,
				E86F110329D2C56D0053D63B /* RegistrationInputResult.storyboard */,
				E86C647C29D6AD8600ADCF34 /* Tab.storyboard */,
				E86C647E29D6D2C700ADCF34 /* ItemList.storyboard */,
				E85DFD0829DA9AF80000157F /* UserExhibit.storyboard */,
				E85DFD0C29DAA3540000157F /* UserInputItemInfo.storyboard */,
			);
			path = Storyboard;
			sourceTree = "<group>";
		};
		E8BD44E329B9C86800BF0D25 /* View */ = {
			isa = PBXGroup;
			children = (
				E8BD44D229B9BE5800BF0D25 /* LoginViewController.swift */,
				E8BD44E629B9C8B500BF0D25 /* RegistrationNameViewController.swift */,
				E81B6CFC29BB1132008AB17F /* RegistrationAddressViewController.swift */,
				E81B6D0029BB17ED008AB17F /* UserMyPageViewController.swift */,
				E8E33BB329CC497200CF1296 /* RegistrationBirthdayViewController.swift */,
				E86693E329CD91140088D4EF /* RegistrationEmailAndPasswordViewController.swift */,
				E86F110529D2C75D0053D63B /* RegistrationInputResultViewController.swift */,
				E86C647429D6627200ADCF34 /* GlobalViewController.swift */,
				E86C647A29D6AD3400ADCF34 /* TabRootViewController.swift */,
				E86C648029D6D3C600ADCF34 /* ItemListViewController.swift */,
				E85DFD0A29DA9B080000157F /* UserExhibitViewController.swift */,
				E85DFD0E29DAA3720000157F /* UserInputItemInfoViewController.swift */,
			);
			path = View;
			sourceTree = "<group>";
		};
/* End PBXGroup section */

/* Begin PBXNativeTarget section */
		E8BD44CA29B9BE5800BF0D25 /* ShoppingApp */ = {
			isa = PBXNativeTarget;
			buildConfigurationList = E8BD44DF29B9BE5A00BF0D25 /* Build configuration list for PBXNativeTarget "ShoppingApp" */;
			buildPhases = (
				C44FD6ED5387007AE91039AA /* [CP] Check Pods Manifest.lock */,
				E8BD44E829B9CB6700BF0D25 /* ShellScript */,
				E8BD44C729B9BE5800BF0D25 /* Sources */,
				E8BD44C829B9BE5800BF0D25 /* Frameworks */,
				E8BD44C929B9BE5800BF0D25 /* Resources */,
				4EB8CA1E40364904638B4A7A /* [CP] Embed Pods Frameworks */,
			);
			buildRules = (
			);
			dependencies = (
			);
			name = ShoppingApp;
			productName = ShoppingApp;
			productReference = E8BD44CB29B9BE5800BF0D25 /* ShoppingApp.app */;
			productType = "com.apple.product-type.application";
		};
/* End PBXNativeTarget section */

/* Begin PBXProject section */
		E8BD44C329B9BE5800BF0D25 /* Project object */ = {
			isa = PBXProject;
			attributes = {
				BuildIndependentTargetsInParallel = 1;
				LastSwiftUpdateCheck = 1420;
				LastUpgradeCheck = 1420;
				TargetAttributes = {
					E8BD44CA29B9BE5800BF0D25 = {
						CreatedOnToolsVersion = 14.2;
					};
				};
			};
			buildConfigurationList = E8BD44C629B9BE5800BF0D25 /* Build configuration list for PBXProject "ShoppingApp" */;
			compatibilityVersion = "Xcode 14.0";
			developmentRegion = en;
			hasScannedForEncodings = 0;
			knownRegions = (
				en,
				Base,
			);
			mainGroup = E8BD44C229B9BE5800BF0D25;
			productRefGroup = E8BD44CC29B9BE5800BF0D25 /* Products */;
			projectDirPath = "";
			projectRoot = "";
			targets = (
				E8BD44CA29B9BE5800BF0D25 /* ShoppingApp */,
			);
		};
/* End PBXProject section */

/* Begin PBXResourcesBuildPhase section */
		E8BD44C929B9BE5800BF0D25 /* Resources */ = {
			isa = PBXResourcesBuildPhase;
			buildActionMask = 2147483647;
			files = (
				E85DFD0929DA9AF80000157F /* UserExhibit.storyboard in Resources */,
				E81B6D0A29BB2E6D008AB17F /* UserIconCell.xib in Resources */,
				E8BD44DB29B9BE5A00BF0D25 /* LaunchScreen.storyboard in Resources */,
				E86F110429D2C56D0053D63B /* RegistrationInputResult.storyboard in Resources */,
				E8BD44D829B9BE5A00BF0D25 /* Assets.xcassets in Resources */,
				E86C647D29D6AD8600ADCF34 /* Tab.storyboard in Resources */,
				E86C647F29D6D2C700ADCF34 /* ItemList.storyboard in Resources */,
				E8E33BB229CC493500CF1296 /* RegistrationBirthday.storyboard in Resources */,
				E81B6CFF29BB17CE008AB17F /* UserMyPage.storyboard in Resources */,
				E81B6CF929BB0F55008AB17F /* RegistrationAddress.storyboard in Resources */,
				E83891C629C1AD1C003E5610 /* UserCreditCell.xib in Resources */,
				E85DFD1729DAB2CC0000157F /* ItemMainInfoCell.xib in Resources */,
				E85DFD1329DAB2150000157F /* ItemPhotoCell.xib in Resources */,
				E8BD44D629B9BE5800BF0D25 /* Login.storyboard in Resources */,
				E8BD44E529B9C8A500BF0D25 /* RegistrationName.storyboard in Resources */,
				E85DFD1B29DAB3420000157F /* ItemPriceCell.xib in Resources */,
				E8DAD56D29E0014C008FEE58 /* ItemPhotoCollectionViewCell.xib in Resources */,
				E85DFD0D29DAA3540000157F /* UserInputItemInfo.storyboard in Resources */,
				E85DFD0729DA72390000157F /* ListedItemCell.xib in Resources */,
				E86693E229CD89AF0088D4EF /* RegistrationEmailAndPassword.storyboard in Resources */,
			);
			runOnlyForDeploymentPostprocessing = 0;
		};
/* End PBXResourcesBuildPhase section */

/* Begin PBXShellScriptBuildPhase section */
		4EB8CA1E40364904638B4A7A /* [CP] Embed Pods Frameworks */ = {
			isa = PBXShellScriptBuildPhase;
			buildActionMask = 2147483647;
			files = (
			);
			inputFileListPaths = (
				"${PODS_ROOT}/Target Support Files/Pods-ShoppingApp/Pods-ShoppingApp-frameworks-${CONFIGURATION}-input-files.xcfilelist",
			);
			name = "[CP] Embed Pods Frameworks";
			outputFileListPaths = (
				"${PODS_ROOT}/Target Support Files/Pods-ShoppingApp/Pods-ShoppingApp-frameworks-${CONFIGURATION}-output-files.xcfilelist",
			);
			runOnlyForDeploymentPostprocessing = 0;
			shellPath = /bin/sh;
			shellScript = "\"${PODS_ROOT}/Target Support Files/Pods-ShoppingApp/Pods-ShoppingApp-frameworks.sh\"\n";
			showEnvVarsInLog = 0;
		};
		C44FD6ED5387007AE91039AA /* [CP] Check Pods Manifest.lock */ = {
			isa = PBXShellScriptBuildPhase;
			buildActionMask = 2147483647;
			files = (
			);
			inputFileListPaths = (
			);
			inputPaths = (
				"${PODS_PODFILE_DIR_PATH}/Podfile.lock",
				"${PODS_ROOT}/Manifest.lock",
			);
			name = "[CP] Check Pods Manifest.lock";
			outputFileListPaths = (
			);
			outputPaths = (
				"$(DERIVED_FILE_DIR)/Pods-ShoppingApp-checkManifestLockResult.txt",
			);
			runOnlyForDeploymentPostprocessing = 0;
			shellPath = /bin/sh;
			shellScript = "diff \"${PODS_PODFILE_DIR_PATH}/Podfile.lock\" \"${PODS_ROOT}/Manifest.lock\" > /dev/null\nif [ $? != 0 ] ; then\n    # print error to STDERR\n    echo \"error: The sandbox is not in sync with the Podfile.lock. Run 'pod install' or update your CocoaPods installation.\" >&2\n    exit 1\nfi\n# This output is used by Xcode 'outputs' to avoid re-running this script phase.\necho \"SUCCESS\" > \"${SCRIPT_OUTPUT_FILE_0}\"\n";
			showEnvVarsInLog = 0;
		};
		E8BD44E829B9CB6700BF0D25 /* ShellScript */ = {
			isa = PBXShellScriptBuildPhase;
			buildActionMask = 2147483647;
			files = (
			);
			inputFileListPaths = (
			);
			inputPaths = (
				"$TEMP_DIR/rswift-lastrun",
			);
			outputFileListPaths = (
			);
			outputPaths = (
				$SRCROOT/R.generated.swift,
			);
			runOnlyForDeploymentPostprocessing = 0;
			shellPath = /bin/sh;
			shellScript = "\"$PODS_ROOT/R.swift/rswift\" generate \"$SRCROOT/R.generated.swift\"\n";
		};
/* End PBXShellScriptBuildPhase section */

/* Begin PBXSourcesBuildPhase section */
		E8BD44C729B9BE5800BF0D25 /* Sources */ = {
			isa = PBXSourcesBuildPhase;
			buildActionMask = 2147483647;
			files = (
				E85DFD1629DAB2CC0000157F /* ItemMainInfoCell.swift in Sources */,
				E86693E429CD91140088D4EF /* RegistrationEmailAndPasswordViewController.swift in Sources */,
				E8DAD56C29E0014C008FEE58 /* ItemPhotoCollectionViewCell.swift in Sources */,
				E85DFD2029DACEA60000157F /* UITextView+Extension.swift in Sources */,
				E8BD44D329B9BE5800BF0D25 /* LoginViewController.swift in Sources */,
				E86C648129D6D3C600ADCF34 /* ItemListViewController.swift in Sources */,
				E8E33BB029CBFEC700CF1296 /* AlertController.swift in Sources */,
				E8BD44CF29B9BE5800BF0D25 /* AppDelegate.swift in Sources */,
				E80924D729C4085A00A7BFED /* UIView+Extension.swift in Sources */,
				E86C648329D6D4A100ADCF34 /* ItemData.swift in Sources */,
				E86F110629D2C75D0053D63B /* RegistrationInputResultViewController.swift in Sources */,
				E8E33BB429CC497200CF1296 /* RegistrationBirthdayViewController.swift in Sources */,
				E85DFD0B29DA9B080000157F /* UserExhibitViewController.swift in Sources */,
				E81B6D0129BB17ED008AB17F /* UserMyPageViewController.swift in Sources */,
				E86C647B29D6AD3400ADCF34 /* TabRootViewController.swift in Sources */,
				E8C3D80B29CA9EF900BD5EE4 /* AddressRequest.swift in Sources */,
				E86C647529D6627200ADCF34 /* GlobalViewController.swift in Sources */,
				E8BD44EA29B9CCC600BF0D25 /* R.generated.swift in Sources */,
				E85DFD1A29DAB3420000157F /* ItemPriceCell.swift in Sources */,
				E86693E029CD78090088D4EF /* UILabel+Extension.swift in Sources */,
				E85DFD0F29DAA3720000157F /* UserInputItemInfoViewController.swift in Sources */,
				E85DFD0629DA72390000157F /* ListedItemCell.swift in Sources */,
				E88C464729C8552B00EE9084 /* AddressModel.swift in Sources */,
				E88C464429C84B1500EE9084 /* Const.swift in Sources */,
				E83891C529C1AD1C003E5610 /* UserCreditCell.swift in Sources */,
				E86693DE29CD4AD30088D4EF /* NSData+String.swift in Sources */,
				E85DFD1229DAB2150000157F /* ItemPhotoCell.swift in Sources */,
				E80924D929C409F700A7BFED /* UITextField+Extension.swift in Sources */,
				E8438D3F29D2EA6E00077914 /* UserData.swift in Sources */,
				E8BD44D129B9BE5800BF0D25 /* SceneDelegate.swift in Sources */,
				E8C6BF9E29E3D955009E8C08 /* UIImageView+Extension.swift in Sources */,
				E81B6D0929BB2E6D008AB17F /* UserIconCell.swift in Sources */,
				E8E27F9129EE8B1400E8A65C /* ExhibtItemData.swift in Sources */,
				E8BD44E729B9C8B500BF0D25 /* RegistrationNameViewController.swift in Sources */,
				E86F110229D28E870053D63B /* Validator.swift in Sources */,
				E81B6CFD29BB1132008AB17F /* RegistrationAddressViewController.swift in Sources */,
			);
			runOnlyForDeploymentPostprocessing = 0;
		};
/* End PBXSourcesBuildPhase section */

/* Begin PBXVariantGroup section */
		E8BD44D429B9BE5800BF0D25 /* Login.storyboard */ = {
			isa = PBXVariantGroup;
			children = (
				E8BD44D529B9BE5800BF0D25 /* Base */,
			);
			name = Login.storyboard;
			sourceTree = "<group>";
		};
		E8BD44D929B9BE5A00BF0D25 /* LaunchScreen.storyboard */ = {
			isa = PBXVariantGroup;
			children = (
				E8BD44DA29B9BE5A00BF0D25 /* Base */,
			);
			name = LaunchScreen.storyboard;
			sourceTree = "<group>";
		};
/* End PBXVariantGroup section */

/* Begin XCBuildConfiguration section */
		E8BD44DD29B9BE5A00BF0D25 /* Debug */ = {
			isa = XCBuildConfiguration;
			buildSettings = {
				ALWAYS_SEARCH_USER_PATHS = NO;
				CLANG_ANALYZER_NONNULL = YES;
				CLANG_ANALYZER_NUMBER_OBJECT_CONVERSION = YES_AGGRESSIVE;
				CLANG_CXX_LANGUAGE_STANDARD = "gnu++20";
				CLANG_ENABLE_MODULES = YES;
				CLANG_ENABLE_OBJC_ARC = YES;
				CLANG_ENABLE_OBJC_WEAK = YES;
				CLANG_WARN_BLOCK_CAPTURE_AUTORELEASING = YES;
				CLANG_WARN_BOOL_CONVERSION = YES;
				CLANG_WARN_COMMA = YES;
				CLANG_WARN_CONSTANT_CONVERSION = YES;
				CLANG_WARN_DEPRECATED_OBJC_IMPLEMENTATIONS = YES;
				CLANG_WARN_DIRECT_OBJC_ISA_USAGE = YES_ERROR;
				CLANG_WARN_DOCUMENTATION_COMMENTS = YES;
				CLANG_WARN_EMPTY_BODY = YES;
				CLANG_WARN_ENUM_CONVERSION = YES;
				CLANG_WARN_INFINITE_RECURSION = YES;
				CLANG_WARN_INT_CONVERSION = YES;
				CLANG_WARN_NON_LITERAL_NULL_CONVERSION = YES;
				CLANG_WARN_OBJC_IMPLICIT_RETAIN_SELF = YES;
				CLANG_WARN_OBJC_LITERAL_CONVERSION = YES;
				CLANG_WARN_OBJC_ROOT_CLASS = YES_ERROR;
				CLANG_WARN_QUOTED_INCLUDE_IN_FRAMEWORK_HEADER = YES;
				CLANG_WARN_RANGE_LOOP_ANALYSIS = YES;
				CLANG_WARN_STRICT_PROTOTYPES = YES;
				CLANG_WARN_SUSPICIOUS_MOVE = YES;
				CLANG_WARN_UNGUARDED_AVAILABILITY = YES_AGGRESSIVE;
				CLANG_WARN_UNREACHABLE_CODE = YES;
				CLANG_WARN__DUPLICATE_METHOD_MATCH = YES;
				COPY_PHASE_STRIP = NO;
				DEBUG_INFORMATION_FORMAT = dwarf;
				ENABLE_STRICT_OBJC_MSGSEND = YES;
				ENABLE_TESTABILITY = YES;
				GCC_C_LANGUAGE_STANDARD = gnu11;
				GCC_DYNAMIC_NO_PIC = NO;
				GCC_NO_COMMON_BLOCKS = YES;
				GCC_OPTIMIZATION_LEVEL = 0;
				GCC_PREPROCESSOR_DEFINITIONS = (
					"DEBUG=1",
					"$(inherited)",
				);
				GCC_WARN_64_TO_32_BIT_CONVERSION = YES;
				GCC_WARN_ABOUT_RETURN_TYPE = YES_ERROR;
				GCC_WARN_UNDECLARED_SELECTOR = YES;
				GCC_WARN_UNINITIALIZED_AUTOS = YES_AGGRESSIVE;
				GCC_WARN_UNUSED_FUNCTION = YES;
				GCC_WARN_UNUSED_VARIABLE = YES;
				IPHONEOS_DEPLOYMENT_TARGET = 16.2;
				MTL_ENABLE_DEBUG_INFO = INCLUDE_SOURCE;
				MTL_FAST_MATH = YES;
				ONLY_ACTIVE_ARCH = YES;
				SDKROOT = iphoneos;
				SWIFT_ACTIVE_COMPILATION_CONDITIONS = DEBUG;
				SWIFT_OPTIMIZATION_LEVEL = "-Onone";
			};
			name = Debug;
		};
		E8BD44DE29B9BE5A00BF0D25 /* Release */ = {
			isa = XCBuildConfiguration;
			buildSettings = {
				ALWAYS_SEARCH_USER_PATHS = NO;
				CLANG_ANALYZER_NONNULL = YES;
				CLANG_ANALYZER_NUMBER_OBJECT_CONVERSION = YES_AGGRESSIVE;
				CLANG_CXX_LANGUAGE_STANDARD = "gnu++20";
				CLANG_ENABLE_MODULES = YES;
				CLANG_ENABLE_OBJC_ARC = YES;
				CLANG_ENABLE_OBJC_WEAK = YES;
				CLANG_WARN_BLOCK_CAPTURE_AUTORELEASING = YES;
				CLANG_WARN_BOOL_CONVERSION = YES;
				CLANG_WARN_COMMA = YES;
				CLANG_WARN_CONSTANT_CONVERSION = YES;
				CLANG_WARN_DEPRECATED_OBJC_IMPLEMENTATIONS = YES;
				CLANG_WARN_DIRECT_OBJC_ISA_USAGE = YES_ERROR;
				CLANG_WARN_DOCUMENTATION_COMMENTS = YES;
				CLANG_WARN_EMPTY_BODY = YES;
				CLANG_WARN_ENUM_CONVERSION = YES;
				CLANG_WARN_INFINITE_RECURSION = YES;
				CLANG_WARN_INT_CONVERSION = YES;
				CLANG_WARN_NON_LITERAL_NULL_CONVERSION = YES;
				CLANG_WARN_OBJC_IMPLICIT_RETAIN_SELF = YES;
				CLANG_WARN_OBJC_LITERAL_CONVERSION = YES;
				CLANG_WARN_OBJC_ROOT_CLASS = YES_ERROR;
				CLANG_WARN_QUOTED_INCLUDE_IN_FRAMEWORK_HEADER = YES;
				CLANG_WARN_RANGE_LOOP_ANALYSIS = YES;
				CLANG_WARN_STRICT_PROTOTYPES = YES;
				CLANG_WARN_SUSPICIOUS_MOVE = YES;
				CLANG_WARN_UNGUARDED_AVAILABILITY = YES_AGGRESSIVE;
				CLANG_WARN_UNREACHABLE_CODE = YES;
				CLANG_WARN__DUPLICATE_METHOD_MATCH = YES;
				COPY_PHASE_STRIP = NO;
				DEBUG_INFORMATION_FORMAT = "dwarf-with-dsym";
				ENABLE_NS_ASSERTIONS = NO;
				ENABLE_STRICT_OBJC_MSGSEND = YES;
				GCC_C_LANGUAGE_STANDARD = gnu11;
				GCC_NO_COMMON_BLOCKS = YES;
				GCC_WARN_64_TO_32_BIT_CONVERSION = YES;
				GCC_WARN_ABOUT_RETURN_TYPE = YES_ERROR;
				GCC_WARN_UNDECLARED_SELECTOR = YES;
				GCC_WARN_UNINITIALIZED_AUTOS = YES_AGGRESSIVE;
				GCC_WARN_UNUSED_FUNCTION = YES;
				GCC_WARN_UNUSED_VARIABLE = YES;
				IPHONEOS_DEPLOYMENT_TARGET = 16.2;
				MTL_ENABLE_DEBUG_INFO = NO;
				MTL_FAST_MATH = YES;
				SDKROOT = iphoneos;
				SWIFT_COMPILATION_MODE = wholemodule;
				SWIFT_OPTIMIZATION_LEVEL = "-O";
				VALIDATE_PRODUCT = YES;
			};
			name = Release;
		};
		E8BD44E029B9BE5A00BF0D25 /* Debug */ = {
			isa = XCBuildConfiguration;
			baseConfigurationReference = E1097A4F5840C224C9377D9E /* Pods-ShoppingApp.debug.xcconfig */;
			buildSettings = {
				ASSETCATALOG_COMPILER_APPICON_NAME = AppIcon;
				ASSETCATALOG_COMPILER_GLOBAL_ACCENT_COLOR_NAME = AccentColor;
				CODE_SIGN_STYLE = Automatic;
				CURRENT_PROJECT_VERSION = 1;
				DEVELOPMENT_TEAM = 6N52TF3NTF;
				GENERATE_INFOPLIST_FILE = YES;
				INFOPLIST_FILE = ShoppingApp/Info.plist;
				INFOPLIST_KEY_UIApplicationSupportsIndirectInputEvents = YES;
				INFOPLIST_KEY_UILaunchStoryboardName = LaunchScreen;
				INFOPLIST_KEY_UISupportedInterfaceOrientations = UIInterfaceOrientationPortrait;
				INFOPLIST_KEY_UISupportedInterfaceOrientations_iPad = "UIInterfaceOrientationLandscapeLeft UIInterfaceOrientationLandscapeRight UIInterfaceOrientationPortrait UIInterfaceOrientationPortraitUpsideDown";
				LD_RUNPATH_SEARCH_PATHS = (
					"$(inherited)",
					"@executable_path/Frameworks",
				);
				MARKETING_VERSION = 1.0;
				PRODUCT_BUNDLE_IDENTIFIER = com.test.ShoppingApp20230309;
				PRODUCT_NAME = "$(TARGET_NAME)";
				SWIFT_EMIT_LOC_STRINGS = YES;
				SWIFT_VERSION = 5.0;
				TARGETED_DEVICE_FAMILY = "1,2";
			};
			name = Debug;
		};
		E8BD44E129B9BE5A00BF0D25 /* Release */ = {
			isa = XCBuildConfiguration;
			baseConfigurationReference = 77C847A10AC3B16ABDF1B39E /* Pods-ShoppingApp.release.xcconfig */;
			buildSettings = {
				ASSETCATALOG_COMPILER_APPICON_NAME = AppIcon;
				ASSETCATALOG_COMPILER_GLOBAL_ACCENT_COLOR_NAME = AccentColor;
				CODE_SIGN_STYLE = Automatic;
				CURRENT_PROJECT_VERSION = 1;
				DEVELOPMENT_TEAM = 6N52TF3NTF;
				GENERATE_INFOPLIST_FILE = YES;
				INFOPLIST_FILE = ShoppingApp/Info.plist;
				INFOPLIST_KEY_UIApplicationSupportsIndirectInputEvents = YES;
				INFOPLIST_KEY_UILaunchStoryboardName = LaunchScreen;
				INFOPLIST_KEY_UISupportedInterfaceOrientations = UIInterfaceOrientationPortrait;
				INFOPLIST_KEY_UISupportedInterfaceOrientations_iPad = "UIInterfaceOrientationLandscapeLeft UIInterfaceOrientationLandscapeRight UIInterfaceOrientationPortrait UIInterfaceOrientationPortraitUpsideDown";
				LD_RUNPATH_SEARCH_PATHS = (
					"$(inherited)",
					"@executable_path/Frameworks",
				);
				MARKETING_VERSION = 1.0;
				PRODUCT_BUNDLE_IDENTIFIER = com.test.ShoppingApp20230309;
				PRODUCT_NAME = "$(TARGET_NAME)";
				SWIFT_EMIT_LOC_STRINGS = YES;
				SWIFT_VERSION = 5.0;
				TARGETED_DEVICE_FAMILY = "1,2";
			};
			name = Release;
		};
/* End XCBuildConfiguration section */

/* Begin XCConfigurationList section */
		E8BD44C629B9BE5800BF0D25 /* Build configuration list for PBXProject "ShoppingApp" */ = {
			isa = XCConfigurationList;
			buildConfigurations = (
				E8BD44DD29B9BE5A00BF0D25 /* Debug */,
				E8BD44DE29B9BE5A00BF0D25 /* Release */,
			);
			defaultConfigurationIsVisible = 0;
			defaultConfigurationName = Release;
		};
		E8BD44DF29B9BE5A00BF0D25 /* Build configuration list for PBXNativeTarget "ShoppingApp" */ = {
			isa = XCConfigurationList;
			buildConfigurations = (
				E8BD44E029B9BE5A00BF0D25 /* Debug */,
				E8BD44E129B9BE5A00BF0D25 /* Release */,
			);
			defaultConfigurationIsVisible = 0;
			defaultConfigurationName = Release;
		};
/* End XCConfigurationList section */
	};
	rootObject = E8BD44C329B9BE5800BF0D25 /* Project object */;
}
